
Microsoft Visual Studio Solution File, Format Version 12.00
# Visual Studio Version 17
VisualStudioVersion = 17.6.33815.320
MinimumVisualStudioVersion = 10.0.40219.1
Project("{9092AA53-FB77-4645-B42D-1CCCA6BD08BD}") = "SandboxCode", "SandboxCode.njsproj", "{D7914EA1-F5D1-4B1E-94DF-AB278DB2542D}"
EndProject
Global
	GlobalSection(SolutionConfigurationPlatforms) = preSolution
		Debug|Any CPU = Debug|Any CPU
		Release|Any CPU = Release|Any CPU
	EndGlobalSection
	GlobalSection(ProjectConfigurationPlatforms) = postSolution
		{D7914EA1-F5D1-4B1E-94DF-AB278DB2542D}.Debug|Any CPU.ActiveCfg = Debug|Any CPU
		{D7914EA1-F5D1-4B1E-94DF-AB278DB2542D}.Debug|Any CPU.Build.0 = Debug|Any CPU
		{D7914EA1-F5D1-4B1E-94DF-AB278DB2542D}.Release|Any CPU.ActiveCfg = Release|Any CPU
		{D7914EA1-F5D1-4B1E-94DF-AB278DB2542D}.Release|Any CPU.Build.0 = Release|Any CPU
	EndGlobalSection
	GlobalSection(SolutionProperties) = preSolution
		HideSolutionNode = FALSE
	EndGlobalSection
	GlobalSection(ExtensibilityGlobals) = postSolution
		SolutionGuid = {AF00CE2E-19E9-4405-92F2-2BBCC582369E}
	EndGlobalSection
EndGlobal
